
Microsoft Visual Studio Solution File, Format Version 12.00
# Visual Studio 14
VisualStudioVersion = 14.0.25420.1
MinimumVisualStudioVersion = 10.0.40219.1
Project("{FAE04EC0-301F-11D3-BF4B-00C04F79EFBC}") = "ResctrictedAccess.Web", "ResctrictedAccess.Web\ResctrictedAccess.Web.csproj", "{33D0B2AC-E1B6-45F4-90B2-A125690F01D9}"
EndProject
Project("{FAE04EC0-301F-11D3-BF4B-00C04F79EFBC}") = "ResctrictedAccess.Web.Tests", "ResctrictedAccess.Web.Tests\ResctrictedAccess.Web.Tests.csproj", "{D274998B-EE97-478D-8048-F072D55657FE}"
EndProject
Global
	GlobalSection(SolutionConfigurationPlatforms) = preSolution
		Debug|Any CPU = Debug|Any CPU
		Release|Any CPU = Release|Any CPU
	EndGlobalSection
	GlobalSection(ProjectConfigurationPlatforms) = postSolution
		{33D0B2AC-E1B6-45F4-90B2-A125690F01D9}.Debug|Any CPU.ActiveCfg = Debug|Any CPU
		{33D0B2AC-E1B6-45F4-90B2-A125690F01D9}.Debug|Any CPU.Build.0 = Debug|Any CPU
		{33D0B2AC-E1B6-45F4-90B2-A125690F01D9}.Release|Any CPU.ActiveCfg = Release|Any CPU
		{33D0B2AC-E1B6-45F4-90B2-A125690F01D9}.Release|Any CPU.Build.0 = Release|Any CPU
		{D274998B-EE97-478D-8048-F072D55657FE}.Debug|Any CPU.ActiveCfg = Debug|Any CPU
		{D274998B-EE97-478D-8048-F072D55657FE}.Debug|Any CPU.Build.0 = Debug|Any CPU
		{D274998B-EE97-478D-8048-F072D55657FE}.Release|Any CPU.ActiveCfg = Release|Any CPU
		{D274998B-EE97-478D-8048-F072D55657FE}.Release|Any CPU.Build.0 = Release|Any CPU
	EndGlobalSection
	GlobalSection(SolutionProperties) = preSolution
		HideSolutionNode = FALSE
	EndGlobalSection
EndGlobal
